
Microsoft Visual Studio Solution File, Format Version 12.00
# Visual Studio Version 16
VisualStudioVersion = 16.0.30406.217
MinimumVisualStudioVersion = 10.0.40219.1
Project("{FAE04EC0-301F-11D3-BF4B-00C04F79EFBC}") = "So-Ciao Network", "So-Ciao Network\So-Ciao Network.csproj", "{B6079155-1B8F-4E50-9D69-99621BC1248F}"
EndProject
Global
	GlobalSection(SolutionConfigurationPlatforms) = preSolution
		Debug|Any CPU = Debug|Any CPU
		Release|Any CPU = Release|Any CPU
	EndGlobalSection
	GlobalSection(ProjectConfigurationPlatforms) = postSolution
		{B6079155-1B8F-4E50-9D69-99621BC1248F}.Debug|Any CPU.ActiveCfg = Debug|Any CPU
		{B6079155-1B8F-4E50-9D69-99621BC1248F}.Debug|Any CPU.Build.0 = Debug|Any CPU
		{B6079155-1B8F-4E50-9D69-99621BC1248F}.Release|Any CPU.ActiveCfg = Release|Any CPU
		{B6079155-1B8F-4E50-9D69-99621BC1248F}.Release|Any CPU.Build.0 = Release|Any CPU
	EndGlobalSection
	GlobalSection(SolutionProperties) = preSolution
		HideSolutionNode = FALSE
	EndGlobalSection
	GlobalSection(ExtensibilityGlobals) = postSolution
		SolutionGuid = {2FE76D71-6926-4EF1-AC20-EC4257BE6416}
	EndGlobalSection
EndGlobal
